{
  "name": "demo1",
  "version": "1.0.0",
  "lockfileVersion": 1,
  "dependencies": {
    "axios": {
      "version": "http://registry.npm.taobao.org/axios/download/axios-0.16.2.tgz",
      "dependencies": {
        "follow-redirects": {
          "version": "http://registry.npm.taobao.org/follow-redirects/download/follow-redirects-1.2.4.tgz",
          "dependencies": {
            "debug": {
              "version": "http://registry.npm.taobao.org/debug/download/debug-2.6.8.tgz",
              "bundled": true,
              "dependencies": {
                "ms": {
                  "version": "http://registry.npm.taobao.org/ms/download/ms-2.0.0.tgz",
                  "integrity": "sha1-VgiurfwAvmwpAd9fmGF4jeDVl8g="
                }
              }
            }
          }
        },
        "is-buffer": {
          "version": "http://registry.npm.taobao.org/is-buffer/download/is-buffer-1.1.5.tgz"
        }
      }
    }
  }
}
